
Microsoft Visual Studio Solution File, Format Version 12.00
# Visual Studio 15
VisualStudioVersion = 15.0.26403.0
MinimumVisualStudioVersion = 10.0.40219.1
Project("{FAE04EC0-301F-11D3-BF4B-00C04F79EFBC}") = "EnjoyShare.WebSite", "EnjoyShare.WebSite\EnjoyShare.WebSite.csproj", "{0A51FE45-CDC1-4F68-A31D-340F42D61588}"
EndProject
Project("{2150E333-8FDC-42A3-9474-1A3956D46DE8}") = "Client", "Client", "{50961D04-833E-42EA-84C0-7F51F091C7EF}"
EndProject
Project("{2150E333-8FDC-42A3-9474-1A3956D46DE8}") = "Common", "Common", "{39EF61B1-DA69-405E-81B9-68A1D361313D}"
EndProject
Project("{2150E333-8FDC-42A3-9474-1A3956D46DE8}") = "Data", "Data", "{2826CC26-82B7-49E0-B2E2-2522AA20E436}"
EndProject
Project("{FAE04EC0-301F-11D3-BF4B-00C04F79EFBC}") = "EnjoyShare.Framework", "EnjoyShare.Framework\EnjoyShare.Framework.csproj", "{77E43716-7B77-4BAD-9799-E446275E242C}"
EndProject
Project("{FAE04EC0-301F-11D3-BF4B-00C04F79EFBC}") = "Bussiness.Interface", "Bussiness.Interface\Bussiness.Interface.csproj", "{01771D6A-F734-4427-91B9-569AB2184281}"
EndProject
Project("{FAE04EC0-301F-11D3-BF4B-00C04F79EFBC}") = "Bussiness.Service", "Bussiness.Service\Bussiness.Service.csproj", "{850CFFD9-50BB-4E6F-9239-4BDA830B8DF4}"
EndProject
Project("{FAE04EC0-301F-11D3-BF4B-00C04F79EFBC}") = "Ef.Models", "Ef.Models\Ef.Models.csproj", "{DFE04BBA-6357-4A68-9861-8E31A44A0A82}"
EndProject
Project("{FAE04EC0-301F-11D3-BF4B-00C04F79EFBC}") = "TestProject", "ConsoleApp1\TestProject.csproj", "{FAB5AEEE-D579-4A75-B2C4-71A59AB074ED}"
EndProject
Project("{FAE04EC0-301F-11D3-BF4B-00C04F79EFBC}") = "Remote.Service", "Remote.Service\Remote.Service.csproj", "{4964BF7F-EB9D-47DD-9513-2EB91CB40123}"
EndProject
Project("{FAE04EC0-301F-11D3-BF4B-00C04F79EFBC}") = "Remote.Interface", "Remote.Interface\Remote.Interface.csproj", "{297C77A6-48BD-4F33-B6E6-96F24D04697D}"
EndProject
Project("{FAE04EC0-301F-11D3-BF4B-00C04F79EFBC}") = "Remote.Model", "Remote.Model\Remote.Model.csproj", "{6C0E1848-1002-4501-A7D2-ABA022D28856}"
EndProject
Global
	GlobalSection(SolutionConfigurationPlatforms) = preSolution
		Debug|Any CPU = Debug|Any CPU
		Release|Any CPU = Release|Any CPU
	EndGlobalSection
	GlobalSection(ProjectConfigurationPlatforms) = postSolution
		{0A51FE45-CDC1-4F68-A31D-340F42D61588}.Debug|Any CPU.ActiveCfg = Debug|Any CPU
		{0A51FE45-CDC1-4F68-A31D-340F42D61588}.Debug|Any CPU.Build.0 = Debug|Any CPU
		{0A51FE45-CDC1-4F68-A31D-340F42D61588}.Release|Any CPU.ActiveCfg = Release|Any CPU
		{0A51FE45-CDC1-4F68-A31D-340F42D61588}.Release|Any CPU.Build.0 = Release|Any CPU
		{77E43716-7B77-4BAD-9799-E446275E242C}.Debug|Any CPU.ActiveCfg = Debug|Any CPU
		{77E43716-7B77-4BAD-9799-E446275E242C}.Debug|Any CPU.Build.0 = Debug|Any CPU
		{77E43716-7B77-4BAD-9799-E446275E242C}.Release|Any CPU.ActiveCfg = Release|Any CPU
		{77E43716-7B77-4BAD-9799-E446275E242C}.Release|Any CPU.Build.0 = Release|Any CPU
		{01771D6A-F734-4427-91B9-569AB2184281}.Debug|Any CPU.ActiveCfg = Debug|Any CPU
		{01771D6A-F734-4427-91B9-569AB2184281}.Debug|Any CPU.Build.0 = Debug|Any CPU
		{01771D6A-F734-4427-91B9-569AB2184281}.Release|Any CPU.ActiveCfg = Release|Any CPU
		{01771D6A-F734-4427-91B9-569AB2184281}.Release|Any CPU.Build.0 = Release|Any CPU
		{850CFFD9-50BB-4E6F-9239-4BDA830B8DF4}.Debug|Any CPU.ActiveCfg = Debug|Any CPU
		{850CFFD9-50BB-4E6F-9239-4BDA830B8DF4}.Debug|Any CPU.Build.0 = Debug|Any CPU
		{850CFFD9-50BB-4E6F-9239-4BDA830B8DF4}.Release|Any CPU.ActiveCfg = Release|Any CPU
		{850CFFD9-50BB-4E6F-9239-4BDA830B8DF4}.Release|Any CPU.Build.0 = Release|Any CPU
		{DFE04BBA-6357-4A68-9861-8E31A44A0A82}.Debug|Any CPU.ActiveCfg = Debug|Any CPU
		{DFE04BBA-6357-4A68-9861-8E31A44A0A82}.Debug|Any CPU.Build.0 = Debug|Any CPU
		{DFE04BBA-6357-4A68-9861-8E31A44A0A82}.Release|Any CPU.ActiveCfg = Release|Any CPU
		{DFE04BBA-6357-4A68-9861-8E31A44A0A82}.Release|Any CPU.Build.0 = Release|Any CPU
		{FAB5AEEE-D579-4A75-B2C4-71A59AB074ED}.Debug|Any CPU.ActiveCfg = Debug|Any CPU
		{FAB5AEEE-D579-4A75-B2C4-71A59AB074ED}.Debug|Any CPU.Build.0 = Debug|Any CPU
		{FAB5AEEE-D579-4A75-B2C4-71A59AB074ED}.Release|Any CPU.ActiveCfg = Release|Any CPU
		{FAB5AEEE-D579-4A75-B2C4-71A59AB074ED}.Release|Any CPU.Build.0 = Release|Any CPU
		{4964BF7F-EB9D-47DD-9513-2EB91CB40123}.Debug|Any CPU.ActiveCfg = Debug|Any CPU
		{4964BF7F-EB9D-47DD-9513-2EB91CB40123}.Debug|Any CPU.Build.0 = Debug|Any CPU
		{4964BF7F-EB9D-47DD-9513-2EB91CB40123}.Release|Any CPU.ActiveCfg = Release|Any CPU
		{4964BF7F-EB9D-47DD-9513-2EB91CB40123}.Release|Any CPU.Build.0 = Release|Any CPU
		{297C77A6-48BD-4F33-B6E6-96F24D04697D}.Debug|Any CPU.ActiveCfg = Debug|Any CPU
		{297C77A6-48BD-4F33-B6E6-96F24D04697D}.Debug|Any CPU.Build.0 = Debug|Any CPU
		{297C77A6-48BD-4F33-B6E6-96F24D04697D}.Release|Any CPU.ActiveCfg = Release|Any CPU
		{297C77A6-48BD-4F33-B6E6-96F24D04697D}.Release|Any CPU.Build.0 = Release|Any CPU
		{6C0E1848-1002-4501-A7D2-ABA022D28856}.Debug|Any CPU.ActiveCfg = Debug|Any CPU
		{6C0E1848-1002-4501-A7D2-ABA022D28856}.Debug|Any CPU.Build.0 = Debug|Any CPU
		{6C0E1848-1002-4501-A7D2-ABA022D28856}.Release|Any CPU.ActiveCfg = Release|Any CPU
		{6C0E1848-1002-4501-A7D2-ABA022D28856}.Release|Any CPU.Build.0 = Release|Any CPU
	EndGlobalSection
	GlobalSection(SolutionProperties) = preSolution
		HideSolutionNode = FALSE
	EndGlobalSection
	GlobalSection(NestedProjects) = preSolution
		{0A51FE45-CDC1-4F68-A31D-340F42D61588} = {50961D04-833E-42EA-84C0-7F51F091C7EF}
		{77E43716-7B77-4BAD-9799-E446275E242C} = {39EF61B1-DA69-405E-81B9-68A1D361313D}
		{01771D6A-F734-4427-91B9-569AB2184281} = {2826CC26-82B7-49E0-B2E2-2522AA20E436}
		{850CFFD9-50BB-4E6F-9239-4BDA830B8DF4} = {2826CC26-82B7-49E0-B2E2-2522AA20E436}
		{DFE04BBA-6357-4A68-9861-8E31A44A0A82} = {2826CC26-82B7-49E0-B2E2-2522AA20E436}
		{FAB5AEEE-D579-4A75-B2C4-71A59AB074ED} = {50961D04-833E-42EA-84C0-7F51F091C7EF}
		{4964BF7F-EB9D-47DD-9513-2EB91CB40123} = {2826CC26-82B7-49E0-B2E2-2522AA20E436}
		{297C77A6-48BD-4F33-B6E6-96F24D04697D} = {2826CC26-82B7-49E0-B2E2-2522AA20E436}
		{6C0E1848-1002-4501-A7D2-ABA022D28856} = {2826CC26-82B7-49E0-B2E2-2522AA20E436}
	EndGlobalSection
EndGlobal
